{
  "requires": true,
  "lockfileVersion": 1,
  "dependencies": {
    "vue-numeric-input": {
      "version": "1.0.5",
      "resolved": "https://registry.npmjs.org/vue-numeric-input/-/vue-numeric-input-1.0.5.tgz",
      "integrity": "sha512-NY8nGmgFKAvvyNtb9EphPzmkSF0YKNBfl/EHL51zOJJLYqMgP9ZmMIt3taOyF/g/OR70AVwF0LPXSigCcOlR9Q=="
    }
  }
}
